
Microsoft Visual Studio Solution File, Format Version 12.00
# Visual Studio Version 17
VisualStudioVersion = 17.4.32916.344
MinimumVisualStudioVersion = 10.0.40219.1
Project("{9A19103F-16F7-4668-BE54-9A1E7A4F7556}") = "Optima", "Optima\Optima.csproj", "{D74FFADF-886A-4233-97B9-A574735376A4}"
EndProject
Project("{9A19103F-16F7-4668-BE54-9A1E7A4F7556}") = "Optima.Tests", "Optima.Tests\Optima.Tests.csproj", "{AAC57FA7-D8B5-4407-8D3E-E360989C4D8E}"
EndProject
Project("{9A19103F-16F7-4668-BE54-9A1E7A4F7556}") = "Optima.Examples", "Optima.Examples\Optima.Examples.csproj", "{DACE2336-797A-4602-939C-B98452D58DA3}"
EndProject
Project("{2150E333-8FDC-42A3-9474-1A3956D46DE8}") = "Solution Items", "Solution Items", "{72C6D2F3-C58E-427E-97D7-1DDC3A7F7EBF}"
	ProjectSection(SolutionItems) = preProject
		.editorconfig = .editorconfig
	EndProjectSection
EndProject
Global
	GlobalSection(SolutionConfigurationPlatforms) = preSolution
		Debug|Any CPU = Debug|Any CPU
		Release|Any CPU = Release|Any CPU
	EndGlobalSection
	GlobalSection(ProjectConfigurationPlatforms) = postSolution
		{D74FFADF-886A-4233-97B9-A574735376A4}.Debug|Any CPU.ActiveCfg = Debug|Any CPU
		{D74FFADF-886A-4233-97B9-A574735376A4}.Debug|Any CPU.Build.0 = Debug|Any CPU
		{D74FFADF-886A-4233-97B9-A574735376A4}.Release|Any CPU.ActiveCfg = Release|Any CPU
		{D74FFADF-886A-4233-97B9-A574735376A4}.Release|Any CPU.Build.0 = Release|Any CPU
		{AAC57FA7-D8B5-4407-8D3E-E360989C4D8E}.Debug|Any CPU.ActiveCfg = Debug|Any CPU
		{AAC57FA7-D8B5-4407-8D3E-E360989C4D8E}.Debug|Any CPU.Build.0 = Debug|Any CPU
		{AAC57FA7-D8B5-4407-8D3E-E360989C4D8E}.Release|Any CPU.ActiveCfg = Release|Any CPU
		{AAC57FA7-D8B5-4407-8D3E-E360989C4D8E}.Release|Any CPU.Build.0 = Release|Any CPU
		{DACE2336-797A-4602-939C-B98452D58DA3}.Debug|Any CPU.ActiveCfg = Debug|Any CPU
		{DACE2336-797A-4602-939C-B98452D58DA3}.Debug|Any CPU.Build.0 = Debug|Any CPU
		{DACE2336-797A-4602-939C-B98452D58DA3}.Release|Any CPU.ActiveCfg = Release|Any CPU
		{DACE2336-797A-4602-939C-B98452D58DA3}.Release|Any CPU.Build.0 = Release|Any CPU
	EndGlobalSection
	GlobalSection(SolutionProperties) = preSolution
		HideSolutionNode = FALSE
	EndGlobalSection
	GlobalSection(ExtensibilityGlobals) = postSolution
		SolutionGuid = {C54C3891-2D85-4A44-ABBB-805FD316310C}
	EndGlobalSection
EndGlobal
